
Microsoft Visual Studio Solution File, Format Version 12.00
# Visual Studio Version 17
VisualStudioVersion = 17.4.33213.308
MinimumVisualStudioVersion = 10.0.40219.1
Project("{FAE04EC0-301F-11D3-BF4B-00C04F79EFBC}") = "ConsoleInputSample", "ConsoleInputSample\ConsoleInputSample.csproj", "{46020B01-5362-45C7-A940-5B9D6013FCED}"
EndProject
Project("{FAE04EC0-301F-11D3-BF4B-00C04F79EFBC}") = "ProgramUnitTests", "ProgramUnitTests\ProgramUnitTests.csproj", "{5D4BDE74-5F26-4963-BC2C-B9241C7A5E8B}"
EndProject
Global
	GlobalSection(SolutionConfigurationPlatforms) = preSolution
		Debug|Any CPU = Debug|Any CPU
		Release|Any CPU = Release|Any CPU
	EndGlobalSection
	GlobalSection(ProjectConfigurationPlatforms) = postSolution
		{46020B01-5362-45C7-A940-5B9D6013FCED}.Debug|Any CPU.ActiveCfg = Debug|Any CPU
		{46020B01-5362-45C7-A940-5B9D6013FCED}.Debug|Any CPU.Build.0 = Debug|Any CPU
		{46020B01-5362-45C7-A940-5B9D6013FCED}.Release|Any CPU.ActiveCfg = Release|Any CPU
		{46020B01-5362-45C7-A940-5B9D6013FCED}.Release|Any CPU.Build.0 = Release|Any CPU
		{5D4BDE74-5F26-4963-BC2C-B9241C7A5E8B}.Debug|Any CPU.ActiveCfg = Debug|Any CPU
		{5D4BDE74-5F26-4963-BC2C-B9241C7A5E8B}.Debug|Any CPU.Build.0 = Debug|Any CPU
		{5D4BDE74-5F26-4963-BC2C-B9241C7A5E8B}.Release|Any CPU.ActiveCfg = Release|Any CPU
		{5D4BDE74-5F26-4963-BC2C-B9241C7A5E8B}.Release|Any CPU.Build.0 = Release|Any CPU
	EndGlobalSection
	GlobalSection(SolutionProperties) = preSolution
		HideSolutionNode = FALSE
	EndGlobalSection
	GlobalSection(ExtensibilityGlobals) = postSolution
		SolutionGuid = {FCD20DFA-E4C9-46AA-95EC-2373989D7554}
	EndGlobalSection
EndGlobal
